
Microsoft Visual Studio Solution File, Format Version 12.00
# Visual Studio Version 17
VisualStudioVersion = 17.13.35825.156 d17.13
MinimumVisualStudioVersion = 10.0.40219.1
Project("{FAE04EC0-301F-11D3-BF4B-00C04F79EFBC}") = "DotReview.API", "DotReview.API\DotReview.API.csproj", "{8CC25F25-E26A-487D-B034-F4FD387E55BA}"
EndProject
Project("{FAE04EC0-301F-11D3-BF4B-00C04F79EFBC}") = "DotReview.Domain", "DotReview.Domain\DotReview.Domain.csproj", "{D25264DB-3E37-44FC-B133-361558FE8B25}"
EndProject
Project("{FAE04EC0-301F-11D3-BF4B-00C04F79EFBC}") = "DotReview.Application", "DotReview.Application\DotReview.Application.csproj", "{B7CDF267-467B-4386-9FFC-F97461E5B9FD}"
EndProject
Project("{FAE04EC0-301F-11D3-BF4B-00C04F79EFBC}") = "DotReview.Infrastructure", "DotReview.Infrastructure\DotReview.Infrastructure.csproj", "{035D429C-1A79-46D6-B8B8-6738BCEA491F}"
EndProject
Project("{FAE04EC0-301F-11D3-BF4B-00C04F79EFBC}") = "DotReview.AI", "DotReview.AI\DotReview.AI.csproj", "{5354FE71-D208-4DCD-B123-7EF3BFAEF079}"
EndProject
Global
	GlobalSection(SolutionConfigurationPlatforms) = preSolution
		Debug|Any CPU = Debug|Any CPU
		Release|Any CPU = Release|Any CPU
	EndGlobalSection
	GlobalSection(ProjectConfigurationPlatforms) = postSolution
		{8CC25F25-E26A-487D-B034-F4FD387E55BA}.Debug|Any CPU.ActiveCfg = Debug|Any CPU
		{8CC25F25-E26A-487D-B034-F4FD387E55BA}.Debug|Any CPU.Build.0 = Debug|Any CPU
		{8CC25F25-E26A-487D-B034-F4FD387E55BA}.Release|Any CPU.ActiveCfg = Release|Any CPU
		{8CC25F25-E26A-487D-B034-F4FD387E55BA}.Release|Any CPU.Build.0 = Release|Any CPU
		{D25264DB-3E37-44FC-B133-361558FE8B25}.Debug|Any CPU.ActiveCfg = Debug|Any CPU
		{D25264DB-3E37-44FC-B133-361558FE8B25}.Debug|Any CPU.Build.0 = Debug|Any CPU
		{D25264DB-3E37-44FC-B133-361558FE8B25}.Release|Any CPU.ActiveCfg = Release|Any CPU
		{D25264DB-3E37-44FC-B133-361558FE8B25}.Release|Any CPU.Build.0 = Release|Any CPU
		{B7CDF267-467B-4386-9FFC-F97461E5B9FD}.Debug|Any CPU.ActiveCfg = Debug|Any CPU
		{B7CDF267-467B-4386-9FFC-F97461E5B9FD}.Debug|Any CPU.Build.0 = Debug|Any CPU
		{B7CDF267-467B-4386-9FFC-F97461E5B9FD}.Release|Any CPU.ActiveCfg = Release|Any CPU
		{B7CDF267-467B-4386-9FFC-F97461E5B9FD}.Release|Any CPU.Build.0 = Release|Any CPU
		{035D429C-1A79-46D6-B8B8-6738BCEA491F}.Debug|Any CPU.ActiveCfg = Debug|Any CPU
		{035D429C-1A79-46D6-B8B8-6738BCEA491F}.Debug|Any CPU.Build.0 = Debug|Any CPU
		{035D429C-1A79-46D6-B8B8-6738BCEA491F}.Release|Any CPU.ActiveCfg = Release|Any CPU
		{035D429C-1A79-46D6-B8B8-6738BCEA491F}.Release|Any CPU.Build.0 = Release|Any CPU
		{5354FE71-D208-4DCD-B123-7EF3BFAEF079}.Debug|Any CPU.ActiveCfg = Debug|Any CPU
		{5354FE71-D208-4DCD-B123-7EF3BFAEF079}.Debug|Any CPU.Build.0 = Debug|Any CPU
		{5354FE71-D208-4DCD-B123-7EF3BFAEF079}.Release|Any CPU.ActiveCfg = Release|Any CPU
		{5354FE71-D208-4DCD-B123-7EF3BFAEF079}.Release|Any CPU.Build.0 = Release|Any CPU
	EndGlobalSection
	GlobalSection(SolutionProperties) = preSolution
		HideSolutionNode = FALSE
	EndGlobalSection
	GlobalSection(ExtensibilityGlobals) = postSolution
		SolutionGuid = {BD74B69E-7461-4FEC-A7E1-CBED6EC6026A}
	EndGlobalSection
EndGlobal
